// !$*UTF8*$!
{
	archiveVersion = 1;
	classes = {
	};
	objectVersion = 51;
	objects = {

/* Begin PBXBuildFile section */
		8364BD7024B704E300C3F1F5 /* AppDelegate.swift in Sources */ = {isa = PBXBuildFile; fileRef = 8364BD6F24B704E300C3F1F5 /* AppDelegate.swift */; };
		8364BD7224B704E300C3F1F5 /* SceneDelegate.swift in Sources */ = {isa = PBXBuildFile; fileRef = 8364BD7124B704E300C3F1F5 /* SceneDelegate.swift */; };
		8364BD7424B704E300C3F1F5 /* ViewController.swift in Sources */ = {isa = PBXBuildFile; fileRef = 8364BD7324B704E300C3F1F5 /* ViewController.swift */; };
		8364BD7724B704E300C3F1F5 /* Main.storyboard in Resources */ = {isa = PBXBuildFile; fileRef = 8364BD7524B704E300C3F1F5 /* Main.storyboard */; };
		8364BD7924B704E400C3F1F5 /* Assets.xcassets in Resources */ = {isa = PBXBuildFile; fileRef = 8364BD7824B704E400C3F1F5 /* Assets.xcassets */; };
		8364BD7C24B704E400C3F1F5 /* LaunchScreen.storyboard in Resources */ = {isa = PBXBuildFile; fileRef = 8364BD7A24B704E400C3F1F5 /* LaunchScreen.storyboard */; };
		8364BD8524B71FC200C3F1F5 /* Copyright.txt in Resources */ = {isa = PBXBuildFile; fileRef = 8364BD8424B71FC200C3F1F5 /* Copyright.txt */; };
		8364BD8924B73F3E00C3F1F5 /* Chapter2Observables.swift in Sources */ = {isa = PBXBuildFile; fileRef = 8364BD8824B73F3E00C3F1F5 /* Chapter2Observables.swift */; };
		8364BD8B24B73FB700C3F1F5 /* Chapter3Subjects.swift in Sources */ = {isa = PBXBuildFile; fileRef = 8364BD8A24B73FB700C3F1F5 /* Chapter3Subjects.swift */; };
		A6DA6B5054B09ACDCFF5132D /* Pods_RxSwiftPractice.framework in Frameworks */ = {isa = PBXBuildFile; fileRef = A1BBF9CD7BCC9450C20149B1 /* Pods_RxSwiftPractice.framework */; };
/* End PBXBuildFile section */

/* Begin PBXFileReference section */
		1C993F7C3C878286FF0DBC79 /* Pods-RxSwiftPractice.release.xcconfig */ = {isa = PBXFileReference; includeInIndex = 1; lastKnownFileType = text.xcconfig; name = "Pods-RxSwiftPractice.release.xcconfig"; path = "Target Support Files/Pods-RxSwiftPractice/Pods-RxSwiftPractice.release.xcconfig"; sourceTree = "<group>"; };
		8364BD6C24B704E300C3F1F5 /* RxSwiftPractice.app */ = {isa = PBXFileReference; explicitFileType = wrapper.application; includeInIndex = 0; path = RxSwiftPractice.app; sourceTree = BUILT_PRODUCTS_DIR; };
		8364BD6F24B704E300C3F1F5 /* AppDelegate.swift */ = {isa = PBXFileReference; lastKnownFileType = sourcecode.swift; path = AppDelegate.swift; sourceTree = "<group>"; };
		8364BD7124B704E300C3F1F5 /* SceneDelegate.swift */ = {isa = PBXFileReference; lastKnownFileType = sourcecode.swift; path = SceneDelegate.swift; sourceTree = "<group>"; };
		8364BD7324B704E300C3F1F5 /* ViewController.swift */ = {isa = PBXFileReference; lastKnownFileType = sourcecode.swift; path = ViewController.swift; sourceTree = "<group>"; };
		8364BD7624B704E300C3F1F5 /* Base */ = {isa = PBXFileReference; lastKnownFileType = file.storyboard; name = Base; path = Base.lproj/Main.storyboard; sourceTree = "<group>"; };
		8364BD7824B704E400C3F1F5 /* Assets.xcassets */ = {isa = PBXFileReference; lastKnownFileType = folder.assetcatalog; path = Assets.xcassets; sourceTree = "<group>"; };
		8364BD7B24B704E400C3F1F5 /* Base */ = {isa = PBXFileReference; lastKnownFileType = file.storyboard; name = Base; path = Base.lproj/LaunchScreen.storyboard; sourceTree = "<group>"; };
		8364BD7D24B704E400C3F1F5 /* Info.plist */ = {isa = PBXFileReference; lastKnownFileType = text.plist.xml; path = Info.plist; sourceTree = "<group>"; };
		8364BD8424B71FC200C3F1F5 /* Copyright.txt */ = {isa = PBXFileReference; fileEncoding = 4; lastKnownFileType = text; path = Copyright.txt; sourceTree = "<group>"; };
		8364BD8824B73F3E00C3F1F5 /* Chapter2Observables.swift */ = {isa = PBXFileReference; lastKnownFileType = sourcecode.swift; path = Chapter2Observables.swift; sourceTree = "<group>"; };
		8364BD8A24B73FB700C3F1F5 /* Chapter3Subjects.swift */ = {isa = PBXFileReference; lastKnownFileType = sourcecode.swift; path = Chapter3Subjects.swift; sourceTree = "<group>"; };
		A1BBF9CD7BCC9450C20149B1 /* Pods_RxSwiftPractice.framework */ = {isa = PBXFileReference; explicitFileType = wrapper.framework; includeInIndex = 0; path = Pods_RxSwiftPractice.framework; sourceTree = BUILT_PRODUCTS_DIR; };
		ABD84CDB96919CF1610080E9 /* Pods-RxSwiftPractice.debug.xcconfig */ = {isa = PBXFileReference; includeInIndex = 1; lastKnownFileType = text.xcconfig; name = "Pods-RxSwiftPractice.debug.xcconfig"; path = "Target Support Files/Pods-RxSwiftPractice/Pods-RxSwiftPractice.debug.xcconfig"; sourceTree = "<group>"; };
/* End PBXFileReference section */

/* Begin PBXFrameworksBuildPhase section */
		8364BD6924B704E300C3F1F5 /* Frameworks */ = {
			isa = PBXFrameworksBuildPhase;
			buildActionMask = 2147483647;
			files = (
				A6DA6B5054B09ACDCFF5132D /* Pods_RxSwiftPractice.framework in Frameworks */,
			);
			runOnlyForDeploymentPostprocessing = 0;
		};
/* End PBXFrameworksBuildPhase section */

/* Begin PBXGroup section */
		8364BD6324B704E300C3F1F5 = {
			isa = PBXGroup;
			children = (
				8364BD6E24B704E300C3F1F5 /* RxSwiftPractice */,
				8364BD6D24B704E300C3F1F5 /* Products */,
				FADA775E53AC4DCA26AABF5E /* Pods */,
				ABA84BA009B2165C2131BB16 /* Frameworks */,
			);
			sourceTree = "<group>";
		};
		8364BD6D24B704E300C3F1F5 /* Products */ = {
			isa = PBXGroup;
			children = (
				8364BD6C24B704E300C3F1F5 /* RxSwiftPractice.app */,
			);
			name = Products;
			sourceTree = "<group>";
		};
		8364BD6E24B704E300C3F1F5 /* RxSwiftPractice */ = {
			isa = PBXGroup;
			children = (
				8364BD8724B71FDD00C3F1F5 /* Screens */,
				8364BD8624B71FD200C3F1F5 /* App */,
				8364BD8324B71FB400C3F1F5 /* Resources */,
				8364BD7D24B704E400C3F1F5 /* Info.plist */,
			);
			path = RxSwiftPractice;
			sourceTree = "<group>";
		};
		8364BD8324B71FB400C3F1F5 /* Resources */ = {
			isa = PBXGroup;
			children = (
				8364BD7824B704E400C3F1F5 /* Assets.xcassets */,
				8364BD7A24B704E400C3F1F5 /* LaunchScreen.storyboard */,
				8364BD8424B71FC200C3F1F5 /* Copyright.txt */,
			);
			path = Resources;
			sourceTree = "<group>";
		};
		8364BD8624B71FD200C3F1F5 /* App */ = {
			isa = PBXGroup;
			children = (
				8364BD6F24B704E300C3F1F5 /* AppDelegate.swift */,
				8364BD7124B704E300C3F1F5 /* SceneDelegate.swift */,
			);
			path = App;
			sourceTree = "<group>";
		};
		8364BD8724B71FDD00C3F1F5 /* Screens */ = {
			isa = PBXGroup;
			children = (
				8364BD7324B704E300C3F1F5 /* ViewController.swift */,
				8364BD7524B704E300C3F1F5 /* Main.storyboard */,
				8364BD8824B73F3E00C3F1F5 /* Chapter2Observables.swift */,
				8364BD8A24B73FB700C3F1F5 /* Chapter3Subjects.swift */,
			);
			path = Screens;
			sourceTree = "<group>";
		};
		ABA84BA009B2165C2131BB16 /* Frameworks */ = {
			isa = PBXGroup;
			children = (
				A1BBF9CD7BCC9450C20149B1 /* Pods_RxSwiftPractice.framework */,
			);
			name = Frameworks;
			sourceTree = "<group>";
		};
		FADA775E53AC4DCA26AABF5E /* Pods */ = {
			isa = PBXGroup;
			children = (
				ABD84CDB96919CF1610080E9 /* Pods-RxSwiftPractice.debug.xcconfig */,
				1C993F7C3C878286FF0DBC79 /* Pods-RxSwiftPractice.release.xcconfig */,
			);
			path = Pods;
			sourceTree = "<group>";
		};
/* End PBXGroup section */

/* Begin PBXNativeTarget section */
		8364BD6B24B704E300C3F1F5 /* RxSwiftPractice */ = {
			isa = PBXNativeTarget;
			buildConfigurationList = 8364BD8024B704E400C3F1F5 /* Build configuration list for PBXNativeTarget "RxSwiftPractice" */;
			buildPhases = (
				4072B1D6764171BC89AA1F84 /* [CP] Check Pods Manifest.lock */,
				8364BD6824B704E300C3F1F5 /* Sources */,
				8364BD6924B704E300C3F1F5 /* Frameworks */,
				8364BD6A24B704E300C3F1F5 /* Resources */,
				9FF777A3A14C443C9E59EDC8 /* [CP] Embed Pods Frameworks */,
			);
			buildRules = (
			);
			dependencies = (
			);
			name = RxSwiftPractice;
			productName = RxSwiftPractice;
			productReference = 8364BD6C24B704E300C3F1F5 /* RxSwiftPractice.app */;
			productType = "com.apple.product-type.application";
		};
/* End PBXNativeTarget section */

/* Begin PBXProject section */
		8364BD6424B704E300C3F1F5 /* Project object */ = {
			isa = PBXProject;
			attributes = {
				LastSwiftUpdateCheck = 1150;
				LastUpgradeCheck = 1150;
				ORGANIZATIONNAME = "TaeHyeong Kim";
				TargetAttributes = {
					8364BD6B24B704E300C3F1F5 = {
						CreatedOnToolsVersion = 11.5;
					};
				};
			};
			buildConfigurationList = 8364BD6724B704E300C3F1F5 /* Build configuration list for PBXProject "RxSwiftPractice" */;
			compatibilityVersion = "Xcode 9.3";
			developmentRegion = en;
			hasScannedForEncodings = 0;
			knownRegions = (
				en,
				Base,
			);
			mainGroup = 8364BD6324B704E300C3F1F5;
			productRefGroup = 8364BD6D24B704E300C3F1F5 /* Products */;
			projectDirPath = "";
			projectRoot = "";
			targets = (
				8364BD6B24B704E300C3F1F5 /* RxSwiftPractice */,
			);
		};
/* End PBXProject section */

/* Begin PBXResourcesBuildPhase section */
		8364BD6A24B704E300C3F1F5 /* Resources */ = {
			isa = PBXResourcesBuildPhase;
			buildActionMask = 2147483647;
			files = (
				8364BD8524B71FC200C3F1F5 /* Copyright.txt in Resources */,
				8364BD7C24B704E400C3F1F5 /* LaunchScreen.storyboard in Resources */,
				8364BD7924B704E400C3F1F5 /* Assets.xcassets in Resources */,
				8364BD7724B704E300C3F1F5 /* Main.storyboard in Resources */,
			);
			runOnlyForDeploymentPostprocessing = 0;
		};
/* End PBXResourcesBuildPhase section */

/* Begin PBXShellScriptBuildPhase section */
		4072B1D6764171BC89AA1F84 /* [CP] Check Pods Manifest.lock */ = {
			isa = PBXShellScriptBuildPhase;
			buildActionMask = 2147483647;
			files = (
			);
			inputFileListPaths = (
			);
			inputPaths = (
				"${PODS_PODFILE_DIR_PATH}/Podfile.lock",
				"${PODS_ROOT}/Manifest.lock",
			);
			name = "[CP] Check Pods Manifest.lock";
			outputFileListPaths = (
			);
			outputPaths = (
				"$(DERIVED_FILE_DIR)/Pods-RxSwiftPractice-checkManifestLockResult.txt",
			);
			runOnlyForDeploymentPostprocessing = 0;
			shellPath = /bin/sh;
			shellScript = "diff \"${PODS_PODFILE_DIR_PATH}/Podfile.lock\" \"${PODS_ROOT}/Manifest.lock\" > /dev/null\nif [ $? != 0 ] ; then\n    # print error to STDERR\n    echo \"error: The sandbox is not in sync with the Podfile.lock. Run 'pod install' or update your CocoaPods installation.\" >&2\n    exit 1\nfi\n# This output is used by Xcode 'outputs' to avoid re-running this script phase.\necho \"SUCCESS\" > \"${SCRIPT_OUTPUT_FILE_0}\"\n";
			showEnvVarsInLog = 0;
		};
		9FF777A3A14C443C9E59EDC8 /* [CP] Embed Pods Frameworks */ = {
			isa = PBXShellScriptBuildPhase;
			buildActionMask = 2147483647;
			files = (
			);
			inputFileListPaths = (
				"${PODS_ROOT}/Target Support Files/Pods-RxSwiftPractice/Pods-RxSwiftPractice-frameworks-${CONFIGURATION}-input-files.xcfilelist",
			);
			name = "[CP] Embed Pods Frameworks";
			outputFileListPaths = (
				"${PODS_ROOT}/Target Support Files/Pods-RxSwiftPractice/Pods-RxSwiftPractice-frameworks-${CONFIGURATION}-output-files.xcfilelist",
			);
			runOnlyForDeploymentPostprocessing = 0;
			shellPath = /bin/sh;
			shellScript = "\"${PODS_ROOT}/Target Support Files/Pods-RxSwiftPractice/Pods-RxSwiftPractice-frameworks.sh\"\n";
			showEnvVarsInLog = 0;
		};
/* End PBXShellScriptBuildPhase section */

/* Begin PBXSourcesBuildPhase section */
		8364BD6824B704E300C3F1F5 /* Sources */ = {
			isa = PBXSourcesBuildPhase;
			buildActionMask = 2147483647;
			files = (
				8364BD7424B704E300C3F1F5 /* ViewController.swift in Sources */,
				8364BD8B24B73FB700C3F1F5 /* Chapter3Subjects.swift in Sources */,
				8364BD8924B73F3E00C3F1F5 /* Chapter2Observables.swift in Sources */,
				8364BD7024B704E300C3F1F5 /* AppDelegate.swift in Sources */,
				8364BD7224B704E300C3F1F5 /* SceneDelegate.swift in Sources */,
			);
			runOnlyForDeploymentPostprocessing = 0;
		};
/* End PBXSourcesBuildPhase section */

/* Begin PBXVariantGroup section */
		8364BD7524B704E300C3F1F5 /* Main.storyboard */ = {
			isa = PBXVariantGroup;
			children = (
				8364BD7624B704E300C3F1F5 /* Base */,
			);
			name = Main.storyboard;
			sourceTree = "<group>";
		};
		8364BD7A24B704E400C3F1F5 /* LaunchScreen.storyboard */ = {
			isa = PBXVariantGroup;
			children = (
				8364BD7B24B704E400C3F1F5 /* Base */,
			);
			name = LaunchScreen.storyboard;
			sourceTree = "<group>";
		};
/* End PBXVariantGroup section */

/* Begin XCBuildConfiguration section */
		8364BD7E24B704E400C3F1F5 /* Debug */ = {
			isa = XCBuildConfiguration;
			buildSettings = {
				ALWAYS_SEARCH_USER_PATHS = NO;
				CLANG_ANALYZER_NONNULL = YES;
				CLANG_ANALYZER_NUMBER_OBJECT_CONVERSION = YES_AGGRESSIVE;
				CLANG_CXX_LANGUAGE_STANDARD = "gnu++14";
				CLANG_CXX_LIBRARY = "libc++";
				CLANG_ENABLE_MODULES = YES;
				CLANG_ENABLE_OBJC_ARC = YES;
				CLANG_ENABLE_OBJC_WEAK = YES;
				CLANG_WARN_BLOCK_CAPTURE_AUTORELEASING = YES;
				CLANG_WARN_BOOL_CONVERSION = YES;
				CLANG_WARN_COMMA = YES;
				CLANG_WARN_CONSTANT_CONVERSION = YES;
				CLANG_WARN_DEPRECATED_OBJC_IMPLEMENTATIONS = YES;
				CLANG_WARN_DIRECT_OBJC_ISA_USAGE = YES_ERROR;
				CLANG_WARN_DOCUMENTATION_COMMENTS = YES;
				CLANG_WARN_EMPTY_BODY = YES;
				CLANG_WARN_ENUM_CONVERSION = YES;
				CLANG_WARN_INFINITE_RECURSION = YES;
				CLANG_WARN_INT_CONVERSION = YES;
				CLANG_WARN_NON_LITERAL_NULL_CONVERSION = YES;
				CLANG_WARN_OBJC_IMPLICIT_RETAIN_SELF = YES;
				CLANG_WARN_OBJC_LITERAL_CONVERSION = YES;
				CLANG_WARN_OBJC_ROOT_CLASS = YES_ERROR;
				CLANG_WARN_RANGE_LOOP_ANALYSIS = YES;
				CLANG_WARN_STRICT_PROTOTYPES = YES;
				CLANG_WARN_SUSPICIOUS_MOVE = YES;
				CLANG_WARN_UNGUARDED_AVAILABILITY = YES_AGGRESSIVE;
				CLANG_WARN_UNREACHABLE_CODE = YES;
				CLANG_WARN__DUPLICATE_METHOD_MATCH = YES;
				COPY_PHASE_STRIP = NO;
				DEBUG_INFORMATION_FORMAT = dwarf;
				ENABLE_STRICT_OBJC_MSGSEND = YES;
				ENABLE_TESTABILITY = YES;
				GCC_C_LANGUAGE_STANDARD = gnu11;
				GCC_DYNAMIC_NO_PIC = NO;
				GCC_NO_COMMON_BLOCKS = YES;
				GCC_OPTIMIZATION_LEVEL = 0;
				GCC_PREPROCESSOR_DEFINITIONS = (
					"DEBUG=1",
					"$(inherited)",
				);
				GCC_WARN_64_TO_32_BIT_CONVERSION = YES;
				GCC_WARN_ABOUT_RETURN_TYPE = YES_ERROR;
				GCC_WARN_UNDECLARED_SELECTOR = YES;
				GCC_WARN_UNINITIALIZED_AUTOS = YES_AGGRESSIVE;
				GCC_WARN_UNUSED_FUNCTION = YES;
				GCC_WARN_UNUSED_VARIABLE = YES;
				IPHONEOS_DEPLOYMENT_TARGET = 13.5;
				MTL_ENABLE_DEBUG_INFO = INCLUDE_SOURCE;
				MTL_FAST_MATH = YES;
				ONLY_ACTIVE_ARCH = YES;
				SDKROOT = iphoneos;
				SWIFT_ACTIVE_COMPILATION_CONDITIONS = DEBUG;
				SWIFT_OPTIMIZATION_LEVEL = "-Onone";
			};
			name = Debug;
		};
		8364BD7F24B704E400C3F1F5 /* Release */ = {
			isa = XCBuildConfiguration;
			buildSettings = {
				ALWAYS_SEARCH_USER_PATHS = NO;
				CLANG_ANALYZER_NONNULL = YES;
				CLANG_ANALYZER_NUMBER_OBJECT_CONVERSION = YES_AGGRESSIVE;
				CLANG_CXX_LANGUAGE_STANDARD = "gnu++14";
				CLANG_CXX_LIBRARY = "libc++";
				CLANG_ENABLE_MODULES = YES;
				CLANG_ENABLE_OBJC_ARC = YES;
				CLANG_ENABLE_OBJC_WEAK = YES;
				CLANG_WARN_BLOCK_CAPTURE_AUTORELEASING = YES;
				CLANG_WARN_BOOL_CONVERSION = YES;
				CLANG_WARN_COMMA = YES;
				CLANG_WARN_CONSTANT_CONVERSION = YES;
				CLANG_WARN_DEPRECATED_OBJC_IMPLEMENTATIONS = YES;
				CLANG_WARN_DIRECT_OBJC_ISA_USAGE = YES_ERROR;
				CLANG_WARN_DOCUMENTATION_COMMENTS = YES;
				CLANG_WARN_EMPTY_BODY = YES;
				CLANG_WARN_ENUM_CONVERSION = YES;
				CLANG_WARN_INFINITE_RECURSION = YES;
				CLANG_WARN_INT_CONVERSION = YES;
				CLANG_WARN_NON_LITERAL_NULL_CONVERSION = YES;
				CLANG_WARN_OBJC_IMPLICIT_RETAIN_SELF = YES;
				CLANG_WARN_OBJC_LITERAL_CONVERSION = YES;
				CLANG_WARN_OBJC_ROOT_CLASS = YES_ERROR;
				CLANG_WARN_RANGE_LOOP_ANALYSIS = YES;
				CLANG_WARN_STRICT_PROTOTYPES = YES;
				CLANG_WARN_SUSPICIOUS_MOVE = YES;
				CLANG_WARN_UNGUARDED_AVAILABILITY = YES_AGGRESSIVE;
				CLANG_WARN_UNREACHABLE_CODE = YES;
				CLANG_WARN__DUPLICATE_METHOD_MATCH = YES;
				COPY_PHASE_STRIP = NO;
				DEBUG_INFORMATION_FORMAT = "dwarf-with-dsym";
				ENABLE_NS_ASSERTIONS = NO;
				ENABLE_STRICT_OBJC_MSGSEND = YES;
				GCC_C_LANGUAGE_STANDARD = gnu11;
				GCC_NO_COMMON_BLOCKS = YES;
				GCC_WARN_64_TO_32_BIT_CONVERSION = YES;
				GCC_WARN_ABOUT_RETURN_TYPE = YES_ERROR;
				GCC_WARN_UNDECLARED_SELECTOR = YES;
				GCC_WARN_UNINITIALIZED_AUTOS = YES_AGGRESSIVE;
				GCC_WARN_UNUSED_FUNCTION = YES;
				GCC_WARN_UNUSED_VARIABLE = YES;
				IPHONEOS_DEPLOYMENT_TARGET = 13.5;
				MTL_ENABLE_DEBUG_INFO = NO;
				MTL_FAST_MATH = YES;
				SDKROOT = iphoneos;
				SWIFT_COMPILATION_MODE = wholemodule;
				SWIFT_OPTIMIZATION_LEVEL = "-O";
				VALIDATE_PRODUCT = YES;
			};
			name = Release;
		};
		8364BD8124B704E400C3F1F5 /* Debug */ = {
			isa = XCBuildConfiguration;
			baseConfigurationReference = ABD84CDB96919CF1610080E9 /* Pods-RxSwiftPractice.debug.xcconfig */;
			buildSettings = {
				ASSETCATALOG_COMPILER_APPICON_NAME = AppIcon;
				CODE_SIGN_STYLE = Automatic;
				DEVELOPMENT_TEAM = 9Y5NYS23KM;
				INFOPLIST_FILE = RxSwiftPractice/Info.plist;
				LD_RUNPATH_SEARCH_PATHS = (
					"$(inherited)",
					"@executable_path/Frameworks",
				);
				PRODUCT_BUNDLE_IDENTIFIER = uuzaza.RxSwiftPractice;
				PRODUCT_NAME = "$(TARGET_NAME)";
				SWIFT_VERSION = 5.0;
				TARGETED_DEVICE_FAMILY = "1,2";
			};
			name = Debug;
		};
		8364BD8224B704E400C3F1F5 /* Release */ = {
			isa = XCBuildConfiguration;
			baseConfigurationReference = 1C993F7C3C878286FF0DBC79 /* Pods-RxSwiftPractice.release.xcconfig */;
			buildSettings = {
				ASSETCATALOG_COMPILER_APPICON_NAME = AppIcon;
				CODE_SIGN_STYLE = Automatic;
				DEVELOPMENT_TEAM = 9Y5NYS23KM;
				INFOPLIST_FILE = RxSwiftPractice/Info.plist;
				LD_RUNPATH_SEARCH_PATHS = (
					"$(inherited)",
					"@executable_path/Frameworks",
				);
				PRODUCT_BUNDLE_IDENTIFIER = uuzaza.RxSwiftPractice;
				PRODUCT_NAME = "$(TARGET_NAME)";
				SWIFT_VERSION = 5.0;
				TARGETED_DEVICE_FAMILY = "1,2";
			};
			name = Release;
		};
/* End XCBuildConfiguration section */

/* Begin XCConfigurationList section */
		8364BD6724B704E300C3F1F5 /* Build configuration list for PBXProject "RxSwiftPractice" */ = {
			isa = XCConfigurationList;
			buildConfigurations = (
				8364BD7E24B704E400C3F1F5 /* Debug */,
				8364BD7F24B704E400C3F1F5 /* Release */,
			);
			defaultConfigurationIsVisible = 0;
			defaultConfigurationName = Release;
		};
		8364BD8024B704E400C3F1F5 /* Build configuration list for PBXNativeTarget "RxSwiftPractice" */ = {
			isa = XCConfigurationList;
			buildConfigurations = (
				8364BD8124B704E400C3F1F5 /* Debug */,
				8364BD8224B704E400C3F1F5 /* Release */,
			);
			defaultConfigurationIsVisible = 0;
			defaultConfigurationName = Release;
		};
/* End XCConfigurationList section */
	};
	rootObject = 8364BD6424B704E300C3F1F5 /* Project object */;
}
